{
  "name": "mdb-standard-app",
  "version": "8.1.0",
  "lockfileVersion": 3,
  "requires": true,
  "packages": {
    "": {
      "name": "mdb-standard-app",
      "version": "8.1.0",
      "license": "SEE LICENSE IN <License.txt>",
      "dependencies": {
        "mdb-standard-app": "file:"
      }
    },
    "node_modules/mdb-standard-app": {
      "resolved": "",
      "link": true
    }
  }
}
